
Microsoft Visual Studio Solution File, Format Version 12.00
# Visual Studio Version 17
VisualStudioVersion = 17.14.36212.18
MinimumVisualStudioVersion = 10.0.40219.1
Project("{FAE04EC0-301F-11D3-BF4B-00C04F79EFBC}") = "SpoofEntranceService", "SpoofEntranceService\SpoofEntranceService.csproj", "{C23BD7E9-D510-4A78-BC8A-3065D320CD06}"
EndProject
Project("{FAE04EC0-301F-11D3-BF4B-00C04F79EFBC}") = "SpoofSettingsService", "SpoofSettingsService\SpoofSettingsService.csproj", "{90BB95F7-D967-474C-B875-360D6CEB21EF}"
EndProject
Project("{FAE04EC0-301F-11D3-BF4B-00C04F79EFBC}") = "SpoofMessageService", "SpoofMessageService\SpoofMessageService.csproj", "{B76C01E9-2124-48FD-B5AE-928C6FB3FC29}"
EndProject
Project("{FAE04EC0-301F-11D3-BF4B-00C04F79EFBC}") = "AdditionalHelpers", "AdditionalHelpers\AdditionalHelpers.csproj", "{788E3454-7D0B-49D1-AE44-3A2E16490F71}"
EndProject
Global
	GlobalSection(SolutionConfigurationPlatforms) = preSolution
		Debug|Any CPU = Debug|Any CPU
		Release|Any CPU = Release|Any CPU
	EndGlobalSection
	GlobalSection(ProjectConfigurationPlatforms) = postSolution
		{C23BD7E9-D510-4A78-BC8A-3065D320CD06}.Debug|Any CPU.ActiveCfg = Debug|Any CPU
		{C23BD7E9-D510-4A78-BC8A-3065D320CD06}.Debug|Any CPU.Build.0 = Debug|Any CPU
		{C23BD7E9-D510-4A78-BC8A-3065D320CD06}.Release|Any CPU.ActiveCfg = Release|Any CPU
		{C23BD7E9-D510-4A78-BC8A-3065D320CD06}.Release|Any CPU.Build.0 = Release|Any CPU
		{90BB95F7-D967-474C-B875-360D6CEB21EF}.Debug|Any CPU.ActiveCfg = Debug|Any CPU
		{90BB95F7-D967-474C-B875-360D6CEB21EF}.Debug|Any CPU.Build.0 = Debug|Any CPU
		{90BB95F7-D967-474C-B875-360D6CEB21EF}.Release|Any CPU.ActiveCfg = Release|Any CPU
		{90BB95F7-D967-474C-B875-360D6CEB21EF}.Release|Any CPU.Build.0 = Release|Any CPU
		{B76C01E9-2124-48FD-B5AE-928C6FB3FC29}.Debug|Any CPU.ActiveCfg = Debug|Any CPU
		{B76C01E9-2124-48FD-B5AE-928C6FB3FC29}.Debug|Any CPU.Build.0 = Debug|Any CPU
		{B76C01E9-2124-48FD-B5AE-928C6FB3FC29}.Release|Any CPU.ActiveCfg = Release|Any CPU
		{B76C01E9-2124-48FD-B5AE-928C6FB3FC29}.Release|Any CPU.Build.0 = Release|Any CPU
		{788E3454-7D0B-49D1-AE44-3A2E16490F71}.Debug|Any CPU.ActiveCfg = Debug|Any CPU
		{788E3454-7D0B-49D1-AE44-3A2E16490F71}.Debug|Any CPU.Build.0 = Debug|Any CPU
		{788E3454-7D0B-49D1-AE44-3A2E16490F71}.Release|Any CPU.ActiveCfg = Release|Any CPU
		{788E3454-7D0B-49D1-AE44-3A2E16490F71}.Release|Any CPU.Build.0 = Release|Any CPU
	EndGlobalSection
	GlobalSection(SolutionProperties) = preSolution
		HideSolutionNode = FALSE
	EndGlobalSection
	GlobalSection(ExtensibilityGlobals) = postSolution
		SolutionGuid = {68135230-1885-41BB-AC10-A4EAE286D6FE}
	EndGlobalSection
EndGlobal
